# THIS IS AN AUTOGENERATED FILE. DO NOT EDIT THIS FILE DIRECTLY.
# yarn lockfile v1


esbuild@^0.8.5:
  version "0.8.5"
  resolved "https://registry.yarnpkg.com/esbuild/-/esbuild-0.8.5.tgz#d5fc10d34e68c6b414158b59a386df767dc8385a"
  integrity sha512-195Lq3Hp3V8rvccV4ede8PxmGvKuh4BrGQHxVfcYmpyg1ni078QN4iO1VNYCl55v0qYsWz6n96y3ZtMpuEtDRQ==
